
Microsoft Visual Studio Solution File, Format Version 12.00
# Visual Studio Version 17
VisualStudioVersion = 17.3.32901.215
MinimumVisualStudioVersion = 10.0.40219.1
Project("{FAE04EC0-301F-11D3-BF4B-00C04F79EFBC}") = "6.3 JeuDuPendu", "6.3 JeuDuPendu\6.3 JeuDuPendu.csproj", "{198A0787-8884-4CBD-B95D-79BCDABF13F4}"
EndProject
Global
	GlobalSection(SolutionConfigurationPlatforms) = preSolution
		Debug|Any CPU = Debug|Any CPU
		Release|Any CPU = Release|Any CPU
	EndGlobalSection
	GlobalSection(ProjectConfigurationPlatforms) = postSolution
		{198A0787-8884-4CBD-B95D-79BCDABF13F4}.Debug|Any CPU.ActiveCfg = Debug|Any CPU
		{198A0787-8884-4CBD-B95D-79BCDABF13F4}.Debug|Any CPU.Build.0 = Debug|Any CPU
		{198A0787-8884-4CBD-B95D-79BCDABF13F4}.Release|Any CPU.ActiveCfg = Release|Any CPU
		{198A0787-8884-4CBD-B95D-79BCDABF13F4}.Release|Any CPU.Build.0 = Release|Any CPU
	EndGlobalSection
	GlobalSection(SolutionProperties) = preSolution
		HideSolutionNode = FALSE
	EndGlobalSection
	GlobalSection(ExtensibilityGlobals) = postSolution
		SolutionGuid = {865AD17C-61F2-4A1D-A926-52BF587D2401}
	EndGlobalSection
EndGlobal
