
Microsoft Visual Studio Solution File, Format Version 12.00
# Visual Studio Version 17
VisualStudioVersion = 17.3.32929.385
MinimumVisualStudioVersion = 10.0.40219.1
Project("{FAE04EC0-301F-11D3-BF4B-00C04F79EFBC}") = "WinFormsAppLesListesComboBox", "WinFormsAppLesListesComboBox\WinFormsAppLesListesComboBox.csproj", "{47B36F49-D1F0-4F7A-A2F1-718943395C92}"
EndProject
Project("{FAE04EC0-301F-11D3-BF4B-00C04F79EFBC}") = "ClassLibraryControles", "ClassLibraryControles\ClassLibraryControles.csproj", "{75E263C7-BD70-475C-A5C9-D02E62B8C7E3}"
EndProject
Global
	GlobalSection(SolutionConfigurationPlatforms) = preSolution
		Debug|Any CPU = Debug|Any CPU
		Release|Any CPU = Release|Any CPU
	EndGlobalSection
	GlobalSection(ProjectConfigurationPlatforms) = postSolution
		{47B36F49-D1F0-4F7A-A2F1-718943395C92}.Debug|Any CPU.ActiveCfg = Debug|Any CPU
		{47B36F49-D1F0-4F7A-A2F1-718943395C92}.Debug|Any CPU.Build.0 = Debug|Any CPU
		{47B36F49-D1F0-4F7A-A2F1-718943395C92}.Release|Any CPU.ActiveCfg = Release|Any CPU
		{47B36F49-D1F0-4F7A-A2F1-718943395C92}.Release|Any CPU.Build.0 = Release|Any CPU
		{75E263C7-BD70-475C-A5C9-D02E62B8C7E3}.Debug|Any CPU.ActiveCfg = Debug|Any CPU
		{75E263C7-BD70-475C-A5C9-D02E62B8C7E3}.Debug|Any CPU.Build.0 = Debug|Any CPU
		{75E263C7-BD70-475C-A5C9-D02E62B8C7E3}.Release|Any CPU.ActiveCfg = Release|Any CPU
		{75E263C7-BD70-475C-A5C9-D02E62B8C7E3}.Release|Any CPU.Build.0 = Release|Any CPU
	EndGlobalSection
	GlobalSection(SolutionProperties) = preSolution
		HideSolutionNode = FALSE
	EndGlobalSection
	GlobalSection(ExtensibilityGlobals) = postSolution
		SolutionGuid = {0877BD6D-1EAA-4547-8E80-C33FFE1F4959}
	EndGlobalSection
EndGlobal
