
Microsoft Visual Studio Solution File, Format Version 12.00
# Visual Studio Version 17
VisualStudioVersion = 17.5.33103.201
MinimumVisualStudioVersion = 10.0.40219.1
Project("{FAE04EC0-301F-11D3-BF4B-00C04F79EFBC}") = "5.4.1 CalculNombreDeJeunes", "5.4.1 CalculNombreDeJeunes\5.4.1 CalculNombreDeJeunes.csproj", "{AE470F54-FBF1-4C81-B6DB-C8220CCBE485}"
EndProject
Global
	GlobalSection(SolutionConfigurationPlatforms) = preSolution
		Debug|Any CPU = Debug|Any CPU
		Release|Any CPU = Release|Any CPU
	EndGlobalSection
	GlobalSection(ProjectConfigurationPlatforms) = postSolution
		{AE470F54-FBF1-4C81-B6DB-C8220CCBE485}.Debug|Any CPU.ActiveCfg = Debug|Any CPU
		{AE470F54-FBF1-4C81-B6DB-C8220CCBE485}.Debug|Any CPU.Build.0 = Debug|Any CPU
		{AE470F54-FBF1-4C81-B6DB-C8220CCBE485}.Release|Any CPU.ActiveCfg = Release|Any CPU
		{AE470F54-FBF1-4C81-B6DB-C8220CCBE485}.Release|Any CPU.Build.0 = Release|Any CPU
	EndGlobalSection
	GlobalSection(SolutionProperties) = preSolution
		HideSolutionNode = FALSE
	EndGlobalSection
	GlobalSection(ExtensibilityGlobals) = postSolution
		SolutionGuid = {36F401C8-62FD-41DF-9060-ACDA8896CB49}
	EndGlobalSection
EndGlobal
