
Microsoft Visual Studio Solution File, Format Version 12.00
# Visual Studio Version 17
VisualStudioVersion = 17.3.32929.385
MinimumVisualStudioVersion = 10.0.40219.1
Project("{FAE04EC0-301F-11D3-BF4B-00C04F79EFBC}") = "ClassLibraryPoint", "ClassLibraryPoint.csproj", "{E538A24B-FC87-4964-8336-523A85A33AC2}"
EndProject
Project("{FAE04EC0-301F-11D3-BF4B-00C04F79EFBC}") = "ConsoleAppPoint", "ConsoleAppPoint\ConsoleAppPoint.csproj", "{38E0FBD1-AC5E-410F-A47C-892D355FEAF1}"
EndProject
Global
	GlobalSection(SolutionConfigurationPlatforms) = preSolution
		Debug|Any CPU = Debug|Any CPU
		Release|Any CPU = Release|Any CPU
	EndGlobalSection
	GlobalSection(ProjectConfigurationPlatforms) = postSolution
		{E538A24B-FC87-4964-8336-523A85A33AC2}.Debug|Any CPU.ActiveCfg = Debug|Any CPU
		{E538A24B-FC87-4964-8336-523A85A33AC2}.Debug|Any CPU.Build.0 = Debug|Any CPU
		{E538A24B-FC87-4964-8336-523A85A33AC2}.Release|Any CPU.ActiveCfg = Release|Any CPU
		{E538A24B-FC87-4964-8336-523A85A33AC2}.Release|Any CPU.Build.0 = Release|Any CPU
		{38E0FBD1-AC5E-410F-A47C-892D355FEAF1}.Debug|Any CPU.ActiveCfg = Debug|Any CPU
		{38E0FBD1-AC5E-410F-A47C-892D355FEAF1}.Debug|Any CPU.Build.0 = Debug|Any CPU
		{38E0FBD1-AC5E-410F-A47C-892D355FEAF1}.Release|Any CPU.ActiveCfg = Release|Any CPU
		{38E0FBD1-AC5E-410F-A47C-892D355FEAF1}.Release|Any CPU.Build.0 = Release|Any CPU
	EndGlobalSection
	GlobalSection(SolutionProperties) = preSolution
		HideSolutionNode = FALSE
	EndGlobalSection
	GlobalSection(ExtensibilityGlobals) = postSolution
		SolutionGuid = {B8D1F8DF-C957-4269-AC92-94A6D7036C0D}
	EndGlobalSection
EndGlobal
