
Microsoft Visual Studio Solution File, Format Version 12.00
# Visual Studio Version 17
VisualStudioVersion = 17.3.32901.215
MinimumVisualStudioVersion = 10.0.40219.1
Project("{FAE04EC0-301F-11D3-BF4B-00C04F79EFBC}") = "2.6 NombrePremier", "2.6 NombrePremier.csproj", "{F7B27066-598A-4382-80E1-5E2A602B1362}"
EndProject
Global
	GlobalSection(SolutionConfigurationPlatforms) = preSolution
		Debug|Any CPU = Debug|Any CPU
		Release|Any CPU = Release|Any CPU
	EndGlobalSection
	GlobalSection(ProjectConfigurationPlatforms) = postSolution
		{F7B27066-598A-4382-80E1-5E2A602B1362}.Debug|Any CPU.ActiveCfg = Debug|Any CPU
		{F7B27066-598A-4382-80E1-5E2A602B1362}.Debug|Any CPU.Build.0 = Debug|Any CPU
		{F7B27066-598A-4382-80E1-5E2A602B1362}.Release|Any CPU.ActiveCfg = Release|Any CPU
		{F7B27066-598A-4382-80E1-5E2A602B1362}.Release|Any CPU.Build.0 = Release|Any CPU
	EndGlobalSection
	GlobalSection(SolutionProperties) = preSolution
		HideSolutionNode = FALSE
	EndGlobalSection
	GlobalSection(ExtensibilityGlobals) = postSolution
		SolutionGuid = {55E7A267-CA8E-4824-B4F5-84B6F1A20BED}
	EndGlobalSection
EndGlobal
