
Microsoft Visual Studio Solution File, Format Version 12.00
# Visual Studio Version 17
VisualStudioVersion = 17.5.33516.290
MinimumVisualStudioVersion = 10.0.40219.1
Project("{FAE04EC0-301F-11D3-BF4B-00C04F79EFBC}") = "BankTransaction.Api", "BankTransaction.Api\BankTransaction.Api.csproj", "{37D63AD0-F246-43B0-AB26-9B1C744C1ADC}"
EndProject
Project("{FAE04EC0-301F-11D3-BF4B-00C04F79EFBC}") = "BankTransactions.Models", "BankTransactions.Models\BankTransactions.Models.csproj", "{CAF1B613-A4F7-4E16-B525-3E360E856718}"
EndProject
Project("{FAE04EC0-301F-11D3-BF4B-00C04F79EFBC}") = "BankTransactions.DataBase", "BankTransactions.DataBase\BankTransactions.DataBase.csproj", "{F52BEE67-D352-4BE2-A02F-78B7030E87C8}"
EndProject
Project("{FAE04EC0-301F-11D3-BF4B-00C04F79EFBC}") = "BankTransaction.WebApp", "BankTransaction.WebApp\BankTransaction.WebApp.csproj", "{D964D0CC-6E91-41D1-B92B-FFA878234545}"
EndProject
Global
	GlobalSection(SolutionConfigurationPlatforms) = preSolution
		Debug|Any CPU = Debug|Any CPU
		Release|Any CPU = Release|Any CPU
	EndGlobalSection
	GlobalSection(ProjectConfigurationPlatforms) = postSolution
		{37D63AD0-F246-43B0-AB26-9B1C744C1ADC}.Debug|Any CPU.ActiveCfg = Debug|Any CPU
		{37D63AD0-F246-43B0-AB26-9B1C744C1ADC}.Debug|Any CPU.Build.0 = Debug|Any CPU
		{37D63AD0-F246-43B0-AB26-9B1C744C1ADC}.Release|Any CPU.ActiveCfg = Release|Any CPU
		{37D63AD0-F246-43B0-AB26-9B1C744C1ADC}.Release|Any CPU.Build.0 = Release|Any CPU
		{CAF1B613-A4F7-4E16-B525-3E360E856718}.Debug|Any CPU.ActiveCfg = Debug|Any CPU
		{CAF1B613-A4F7-4E16-B525-3E360E856718}.Debug|Any CPU.Build.0 = Debug|Any CPU
		{CAF1B613-A4F7-4E16-B525-3E360E856718}.Release|Any CPU.ActiveCfg = Release|Any CPU
		{CAF1B613-A4F7-4E16-B525-3E360E856718}.Release|Any CPU.Build.0 = Release|Any CPU
		{F52BEE67-D352-4BE2-A02F-78B7030E87C8}.Debug|Any CPU.ActiveCfg = Debug|Any CPU
		{F52BEE67-D352-4BE2-A02F-78B7030E87C8}.Debug|Any CPU.Build.0 = Debug|Any CPU
		{F52BEE67-D352-4BE2-A02F-78B7030E87C8}.Release|Any CPU.ActiveCfg = Release|Any CPU
		{F52BEE67-D352-4BE2-A02F-78B7030E87C8}.Release|Any CPU.Build.0 = Release|Any CPU
		{D964D0CC-6E91-41D1-B92B-FFA878234545}.Debug|Any CPU.ActiveCfg = Debug|Any CPU
		{D964D0CC-6E91-41D1-B92B-FFA878234545}.Debug|Any CPU.Build.0 = Debug|Any CPU
		{D964D0CC-6E91-41D1-B92B-FFA878234545}.Release|Any CPU.ActiveCfg = Release|Any CPU
		{D964D0CC-6E91-41D1-B92B-FFA878234545}.Release|Any CPU.Build.0 = Release|Any CPU
	EndGlobalSection
	GlobalSection(SolutionProperties) = preSolution
		HideSolutionNode = FALSE
	EndGlobalSection
	GlobalSection(ExtensibilityGlobals) = postSolution
		SolutionGuid = {7E4949C3-EF40-40CA-AEB6-0B48FE89B9DA}
	EndGlobalSection
EndGlobal
