
Microsoft Visual Studio Solution File, Format Version 12.00
# Visual Studio Version 17
VisualStudioVersion = 17.5.33530.505
MinimumVisualStudioVersion = 10.0.40219.1
Project("{FAE04EC0-301F-11D3-BF4B-00C04F79EFBC}") = "CerealsApi", "CerealsApi\CerealsApi.csproj", "{10BF8F63-F1CA-4D04-89BE-46908201D8CD}"
EndProject
Global
	GlobalSection(SolutionConfigurationPlatforms) = preSolution
		Debug|Any CPU = Debug|Any CPU
		Release|Any CPU = Release|Any CPU
	EndGlobalSection
	GlobalSection(ProjectConfigurationPlatforms) = postSolution
		{10BF8F63-F1CA-4D04-89BE-46908201D8CD}.Debug|Any CPU.ActiveCfg = Debug|Any CPU
		{10BF8F63-F1CA-4D04-89BE-46908201D8CD}.Debug|Any CPU.Build.0 = Debug|Any CPU
		{10BF8F63-F1CA-4D04-89BE-46908201D8CD}.Release|Any CPU.ActiveCfg = Release|Any CPU
		{10BF8F63-F1CA-4D04-89BE-46908201D8CD}.Release|Any CPU.Build.0 = Release|Any CPU
	EndGlobalSection
	GlobalSection(SolutionProperties) = preSolution
		HideSolutionNode = FALSE
	EndGlobalSection
	GlobalSection(ExtensibilityGlobals) = postSolution
		SolutionGuid = {FD7C336C-2EE5-4E10-BE24-D276E35548A8}
	EndGlobalSection
EndGlobal
