
Microsoft Visual Studio Solution File, Format Version 12.00
# Visual Studio Version 17
VisualStudioVersion = 17.5.33516.290
MinimumVisualStudioVersion = 10.0.40219.1
Project("{9A19103F-16F7-4668-BE54-9A1E7A4F7556}") = "ApiBankTransaction", "ApiBankTransaction\ApiBankTransaction.csproj", "{ABDE0BF0-2950-4887-9603-A049139F2BF1}"
EndProject
Project("{9A19103F-16F7-4668-BE54-9A1E7A4F7556}") = "ApiBankTransactionModels", "ApiBankTransactionModels\ApiBankTransactionModels.csproj", "{F56E9BFB-2E0D-4C00-96DF-42D6D660882F}"
EndProject
Project("{9A19103F-16F7-4668-BE54-9A1E7A4F7556}") = "ApiBankTransactionDb", "ApiBankTransactionDbContext\ApiBankTransactionDb.csproj", "{07FBAD00-589D-485E-B88F-69BF50C333EB}"
EndProject
Global
	GlobalSection(SolutionConfigurationPlatforms) = preSolution
		Debug|Any CPU = Debug|Any CPU
		Release|Any CPU = Release|Any CPU
	EndGlobalSection
	GlobalSection(ProjectConfigurationPlatforms) = postSolution
		{ABDE0BF0-2950-4887-9603-A049139F2BF1}.Debug|Any CPU.ActiveCfg = Debug|Any CPU
		{ABDE0BF0-2950-4887-9603-A049139F2BF1}.Debug|Any CPU.Build.0 = Debug|Any CPU
		{ABDE0BF0-2950-4887-9603-A049139F2BF1}.Release|Any CPU.ActiveCfg = Release|Any CPU
		{ABDE0BF0-2950-4887-9603-A049139F2BF1}.Release|Any CPU.Build.0 = Release|Any CPU
		{F56E9BFB-2E0D-4C00-96DF-42D6D660882F}.Debug|Any CPU.ActiveCfg = Debug|Any CPU
		{F56E9BFB-2E0D-4C00-96DF-42D6D660882F}.Debug|Any CPU.Build.0 = Debug|Any CPU
		{F56E9BFB-2E0D-4C00-96DF-42D6D660882F}.Release|Any CPU.ActiveCfg = Release|Any CPU
		{F56E9BFB-2E0D-4C00-96DF-42D6D660882F}.Release|Any CPU.Build.0 = Release|Any CPU
		{07FBAD00-589D-485E-B88F-69BF50C333EB}.Debug|Any CPU.ActiveCfg = Debug|Any CPU
		{07FBAD00-589D-485E-B88F-69BF50C333EB}.Debug|Any CPU.Build.0 = Debug|Any CPU
		{07FBAD00-589D-485E-B88F-69BF50C333EB}.Release|Any CPU.ActiveCfg = Release|Any CPU
		{07FBAD00-589D-485E-B88F-69BF50C333EB}.Release|Any CPU.Build.0 = Release|Any CPU
	EndGlobalSection
	GlobalSection(SolutionProperties) = preSolution
		HideSolutionNode = FALSE
	EndGlobalSection
	GlobalSection(ExtensibilityGlobals) = postSolution
		SolutionGuid = {DF948DF2-984B-480A-9E28-225A30AAA1FD}
	EndGlobalSection
EndGlobal
