
Microsoft Visual Studio Solution File, Format Version 12.00
# Visual Studio Version 17
VisualStudioVersion = 17.3.32901.215
MinimumVisualStudioVersion = 10.0.40219.1
Project("{FAE04EC0-301F-11D3-BF4B-00C04F79EFBC}") = "5.3 MaBicyclette", "5.3 MaBicyclette\5.3 MaBicyclette.csproj", "{8F5861DC-5E44-4206-A8E8-A1E5F54AEF8B}"
EndProject
Global
	GlobalSection(SolutionConfigurationPlatforms) = preSolution
		Debug|Any CPU = Debug|Any CPU
		Release|Any CPU = Release|Any CPU
	EndGlobalSection
	GlobalSection(ProjectConfigurationPlatforms) = postSolution
		{8F5861DC-5E44-4206-A8E8-A1E5F54AEF8B}.Debug|Any CPU.ActiveCfg = Debug|Any CPU
		{8F5861DC-5E44-4206-A8E8-A1E5F54AEF8B}.Debug|Any CPU.Build.0 = Debug|Any CPU
		{8F5861DC-5E44-4206-A8E8-A1E5F54AEF8B}.Release|Any CPU.ActiveCfg = Release|Any CPU
		{8F5861DC-5E44-4206-A8E8-A1E5F54AEF8B}.Release|Any CPU.Build.0 = Release|Any CPU
	EndGlobalSection
	GlobalSection(SolutionProperties) = preSolution
		HideSolutionNode = FALSE
	EndGlobalSection
	GlobalSection(ExtensibilityGlobals) = postSolution
		SolutionGuid = {7607E5ED-7B26-42E4-B220-C64501F126A5}
	EndGlobalSection
EndGlobal
