
Microsoft Visual Studio Solution File, Format Version 12.00
# Visual Studio Version 17
VisualStudioVersion = 17.6.33829.357
MinimumVisualStudioVersion = 10.0.40219.1
Project("{FAE04EC0-301F-11D3-BF4B-00C04F79EFBC}") = "TestNewProjet", "TestNewProjet\TestNewProjet.csproj", "{91941495-18FE-477F-99C8-3E2BB7A392DB}"
EndProject
Project("{FAE04EC0-301F-11D3-BF4B-00C04F79EFBC}") = "TestProject11909", "TestProject11909\TestProject11909.csproj", "{3E8478C8-B5B2-4DE6-95A3-366F65E1ED17}"
EndProject
Global
	GlobalSection(SolutionConfigurationPlatforms) = preSolution
		Debug|Any CPU = Debug|Any CPU
		Release|Any CPU = Release|Any CPU
	EndGlobalSection
	GlobalSection(ProjectConfigurationPlatforms) = postSolution
		{91941495-18FE-477F-99C8-3E2BB7A392DB}.Debug|Any CPU.ActiveCfg = Debug|Any CPU
		{91941495-18FE-477F-99C8-3E2BB7A392DB}.Debug|Any CPU.Build.0 = Debug|Any CPU
		{91941495-18FE-477F-99C8-3E2BB7A392DB}.Release|Any CPU.ActiveCfg = Release|Any CPU
		{91941495-18FE-477F-99C8-3E2BB7A392DB}.Release|Any CPU.Build.0 = Release|Any CPU
		{3E8478C8-B5B2-4DE6-95A3-366F65E1ED17}.Debug|Any CPU.ActiveCfg = Debug|Any CPU
		{3E8478C8-B5B2-4DE6-95A3-366F65E1ED17}.Debug|Any CPU.Build.0 = Debug|Any CPU
		{3E8478C8-B5B2-4DE6-95A3-366F65E1ED17}.Release|Any CPU.ActiveCfg = Release|Any CPU
		{3E8478C8-B5B2-4DE6-95A3-366F65E1ED17}.Release|Any CPU.Build.0 = Release|Any CPU
	EndGlobalSection
	GlobalSection(SolutionProperties) = preSolution
		HideSolutionNode = FALSE
	EndGlobalSection
	GlobalSection(ExtensibilityGlobals) = postSolution
		SolutionGuid = {5E74E476-D3DA-4506-870B-AEA3D3AA8B77}
	EndGlobalSection
EndGlobal
