
Microsoft Visual Studio Solution File, Format Version 12.00
# Visual Studio Version 17
VisualStudioVersion = 17.6.33829.357
MinimumVisualStudioVersion = 10.0.40219.1
Project("{FAE04EC0-301F-11D3-BF4B-00C04F79EFBC}") = "Domain", "Domain\Domain.csproj", "{B5FB4784-C207-4537-940F-4604349CEA00}"
EndProject
Project("{FAE04EC0-301F-11D3-BF4B-00C04F79EFBC}") = "APIWeb", "APIWeb\APIWeb.csproj", "{A4111C0F-CC19-4F4B-BFB6-88CE38ED0057}"
EndProject
Project("{FAE04EC0-301F-11D3-BF4B-00C04F79EFBC}") = "Bdd", "Bdd\Bdd.csproj", "{8582AEDC-BD16-43CA-8A3D-9304F28D82B8}"
EndProject
Global
	GlobalSection(SolutionConfigurationPlatforms) = preSolution
		Debug|Any CPU = Debug|Any CPU
		Release|Any CPU = Release|Any CPU
	EndGlobalSection
	GlobalSection(ProjectConfigurationPlatforms) = postSolution
		{B5FB4784-C207-4537-940F-4604349CEA00}.Debug|Any CPU.ActiveCfg = Debug|Any CPU
		{B5FB4784-C207-4537-940F-4604349CEA00}.Debug|Any CPU.Build.0 = Debug|Any CPU
		{B5FB4784-C207-4537-940F-4604349CEA00}.Release|Any CPU.ActiveCfg = Release|Any CPU
		{B5FB4784-C207-4537-940F-4604349CEA00}.Release|Any CPU.Build.0 = Release|Any CPU
		{A4111C0F-CC19-4F4B-BFB6-88CE38ED0057}.Debug|Any CPU.ActiveCfg = Debug|Any CPU
		{A4111C0F-CC19-4F4B-BFB6-88CE38ED0057}.Debug|Any CPU.Build.0 = Debug|Any CPU
		{A4111C0F-CC19-4F4B-BFB6-88CE38ED0057}.Release|Any CPU.ActiveCfg = Release|Any CPU
		{A4111C0F-CC19-4F4B-BFB6-88CE38ED0057}.Release|Any CPU.Build.0 = Release|Any CPU
		{8582AEDC-BD16-43CA-8A3D-9304F28D82B8}.Debug|Any CPU.ActiveCfg = Debug|Any CPU
		{8582AEDC-BD16-43CA-8A3D-9304F28D82B8}.Debug|Any CPU.Build.0 = Debug|Any CPU
		{8582AEDC-BD16-43CA-8A3D-9304F28D82B8}.Release|Any CPU.ActiveCfg = Release|Any CPU
		{8582AEDC-BD16-43CA-8A3D-9304F28D82B8}.Release|Any CPU.Build.0 = Release|Any CPU
	EndGlobalSection
	GlobalSection(SolutionProperties) = preSolution
		HideSolutionNode = FALSE
	EndGlobalSection
	GlobalSection(ExtensibilityGlobals) = postSolution
		SolutionGuid = {1DA907B1-A90A-4A80-9E0F-8C771EEBB8F6}
	EndGlobalSection
EndGlobal
