
Microsoft Visual Studio Solution File, Format Version 12.00
# Visual Studio Version 17
VisualStudioVersion = 17.5.33516.290
MinimumVisualStudioVersion = 10.0.40219.1
Project("{9A19103F-16F7-4668-BE54-9A1E7A4F7556}") = "WinFormsToutEmbal", "WinFormsToutEmbal\WinFormsToutEmbal.csproj", "{4F179A50-9D06-4FE8-B28E-CE4E7E5E063B}"
EndProject
Project("{9A19103F-16F7-4668-BE54-9A1E7A4F7556}") = "ClassProduction", "ClassProduction\ClassProduction.csproj", "{66BAB07D-235D-4D3A-A6A2-694C7F40E62E}"
EndProject
Project("{9A19103F-16F7-4668-BE54-9A1E7A4F7556}") = "ClassCaisse", "ClassCaisse\ClassCaisse.csproj", "{A3A27400-6AD9-4E95-985B-E3F66CBDA82D}"
EndProject
Global
	GlobalSection(SolutionConfigurationPlatforms) = preSolution
		Debug|Any CPU = Debug|Any CPU
		Release|Any CPU = Release|Any CPU
	EndGlobalSection
	GlobalSection(ProjectConfigurationPlatforms) = postSolution
		{4F179A50-9D06-4FE8-B28E-CE4E7E5E063B}.Debug|Any CPU.ActiveCfg = Debug|Any CPU
		{4F179A50-9D06-4FE8-B28E-CE4E7E5E063B}.Debug|Any CPU.Build.0 = Debug|Any CPU
		{4F179A50-9D06-4FE8-B28E-CE4E7E5E063B}.Release|Any CPU.ActiveCfg = Release|Any CPU
		{4F179A50-9D06-4FE8-B28E-CE4E7E5E063B}.Release|Any CPU.Build.0 = Release|Any CPU
		{66BAB07D-235D-4D3A-A6A2-694C7F40E62E}.Debug|Any CPU.ActiveCfg = Debug|Any CPU
		{66BAB07D-235D-4D3A-A6A2-694C7F40E62E}.Debug|Any CPU.Build.0 = Debug|Any CPU
		{66BAB07D-235D-4D3A-A6A2-694C7F40E62E}.Release|Any CPU.ActiveCfg = Release|Any CPU
		{66BAB07D-235D-4D3A-A6A2-694C7F40E62E}.Release|Any CPU.Build.0 = Release|Any CPU
		{A3A27400-6AD9-4E95-985B-E3F66CBDA82D}.Debug|Any CPU.ActiveCfg = Debug|Any CPU
		{A3A27400-6AD9-4E95-985B-E3F66CBDA82D}.Debug|Any CPU.Build.0 = Debug|Any CPU
		{A3A27400-6AD9-4E95-985B-E3F66CBDA82D}.Release|Any CPU.ActiveCfg = Release|Any CPU
		{A3A27400-6AD9-4E95-985B-E3F66CBDA82D}.Release|Any CPU.Build.0 = Release|Any CPU
	EndGlobalSection
	GlobalSection(SolutionProperties) = preSolution
		HideSolutionNode = FALSE
	EndGlobalSection
	GlobalSection(ExtensibilityGlobals) = postSolution
		SolutionGuid = {56786680-C41E-4E7D-BC7A-EB59EC6A1BE4}
	EndGlobalSection
EndGlobal
