
Microsoft Visual Studio Solution File, Format Version 12.00
# Visual Studio Version 17
VisualStudioVersion = 17.3.32901.215
MinimumVisualStudioVersion = 10.0.40219.1
Project("{FAE04EC0-301F-11D3-BF4B-00C04F79EFBC}") = "1.4 CalculDInterets", "1.4 CalculDInterets.csproj", "{167DD55C-6314-42FC-AE1D-37CD8FBE6E0E}"
EndProject
Global
	GlobalSection(SolutionConfigurationPlatforms) = preSolution
		Debug|Any CPU = Debug|Any CPU
		Release|Any CPU = Release|Any CPU
	EndGlobalSection
	GlobalSection(ProjectConfigurationPlatforms) = postSolution
		{167DD55C-6314-42FC-AE1D-37CD8FBE6E0E}.Debug|Any CPU.ActiveCfg = Debug|Any CPU
		{167DD55C-6314-42FC-AE1D-37CD8FBE6E0E}.Debug|Any CPU.Build.0 = Debug|Any CPU
		{167DD55C-6314-42FC-AE1D-37CD8FBE6E0E}.Release|Any CPU.ActiveCfg = Release|Any CPU
		{167DD55C-6314-42FC-AE1D-37CD8FBE6E0E}.Release|Any CPU.Build.0 = Release|Any CPU
	EndGlobalSection
	GlobalSection(SolutionProperties) = preSolution
		HideSolutionNode = FALSE
	EndGlobalSection
	GlobalSection(ExtensibilityGlobals) = postSolution
		SolutionGuid = {BCBAFD41-5D04-4E82-8993-E4C0F09AD845}
	EndGlobalSection
EndGlobal
