
Microsoft Visual Studio Solution File, Format Version 12.00
# Visual Studio Version 17
VisualStudioVersion = 17.3.32929.385
MinimumVisualStudioVersion = 10.0.40219.1
Project("{FAE04EC0-301F-11D3-BF4B-00C04F79EFBC}") = "MesClassesCrm", "MesClassesCrm\MesClassesCrm.csproj", "{B25FD3DB-CBEA-4978-BD0C-4BEB4D49D2C3}"
EndProject
Project("{FAE04EC0-301F-11D3-BF4B-00C04F79EFBC}") = "GestionSalariesCrm", "GestionSalariesCrm\GestionSalariesCrm.csproj", "{0CEA72C5-4B0A-4CFB-8AFB-DEFA431FA5E1}"
EndProject
Global
	GlobalSection(SolutionConfigurationPlatforms) = preSolution
		Debug|Any CPU = Debug|Any CPU
		Release|Any CPU = Release|Any CPU
	EndGlobalSection
	GlobalSection(ProjectConfigurationPlatforms) = postSolution
		{B25FD3DB-CBEA-4978-BD0C-4BEB4D49D2C3}.Debug|Any CPU.ActiveCfg = Debug|Any CPU
		{B25FD3DB-CBEA-4978-BD0C-4BEB4D49D2C3}.Debug|Any CPU.Build.0 = Debug|Any CPU
		{B25FD3DB-CBEA-4978-BD0C-4BEB4D49D2C3}.Release|Any CPU.ActiveCfg = Release|Any CPU
		{B25FD3DB-CBEA-4978-BD0C-4BEB4D49D2C3}.Release|Any CPU.Build.0 = Release|Any CPU
		{0CEA72C5-4B0A-4CFB-8AFB-DEFA431FA5E1}.Debug|Any CPU.ActiveCfg = Debug|Any CPU
		{0CEA72C5-4B0A-4CFB-8AFB-DEFA431FA5E1}.Debug|Any CPU.Build.0 = Debug|Any CPU
		{0CEA72C5-4B0A-4CFB-8AFB-DEFA431FA5E1}.Release|Any CPU.ActiveCfg = Release|Any CPU
		{0CEA72C5-4B0A-4CFB-8AFB-DEFA431FA5E1}.Release|Any CPU.Build.0 = Release|Any CPU
	EndGlobalSection
	GlobalSection(SolutionProperties) = preSolution
		HideSolutionNode = FALSE
	EndGlobalSection
	GlobalSection(ExtensibilityGlobals) = postSolution
		SolutionGuid = {5EC5147B-1542-45BE-BD14-CD3918C9F5CE}
	EndGlobalSection
EndGlobal
