
Microsoft Visual Studio Solution File, Format Version 12.00
# Visual Studio Version 17
VisualStudioVersion = 17.3.32901.215
MinimumVisualStudioVersion = 10.0.40219.1
Project("{FAE04EC0-301F-11D3-BF4B-00C04F79EFBC}") = "Moyenne des 2 nombres", "Moyenne des 2 nombres.csproj", "{16CA64E6-A0C2-4352-A631-1EB4136DE77B}"
EndProject
Global
	GlobalSection(SolutionConfigurationPlatforms) = preSolution
		Debug|Any CPU = Debug|Any CPU
		Release|Any CPU = Release|Any CPU
	EndGlobalSection
	GlobalSection(ProjectConfigurationPlatforms) = postSolution
		{16CA64E6-A0C2-4352-A631-1EB4136DE77B}.Debug|Any CPU.ActiveCfg = Debug|Any CPU
		{16CA64E6-A0C2-4352-A631-1EB4136DE77B}.Debug|Any CPU.Build.0 = Debug|Any CPU
		{16CA64E6-A0C2-4352-A631-1EB4136DE77B}.Release|Any CPU.ActiveCfg = Release|Any CPU
		{16CA64E6-A0C2-4352-A631-1EB4136DE77B}.Release|Any CPU.Build.0 = Release|Any CPU
	EndGlobalSection
	GlobalSection(SolutionProperties) = preSolution
		HideSolutionNode = FALSE
	EndGlobalSection
	GlobalSection(ExtensibilityGlobals) = postSolution
		SolutionGuid = {C007EE0D-55DC-4D25-B37F-C7250638F36D}
	EndGlobalSection
EndGlobal
