
Microsoft Visual Studio Solution File, Format Version 12.00
# Visual Studio Version 17
VisualStudioVersion = 17.3.32901.215
MinimumVisualStudioVersion = 10.0.40219.1
Project("{FAE04EC0-301F-11D3-BF4B-00C04F79EFBC}") = "2.5 RechercheDesDiviseursD'UnNombre", "2.5 RechercheDesDiviseursD'UnNombre.csproj", "{3B0E0770-85EA-4D50-9422-850862E15A00}"
EndProject
Global
	GlobalSection(SolutionConfigurationPlatforms) = preSolution
		Debug|Any CPU = Debug|Any CPU
		Release|Any CPU = Release|Any CPU
	EndGlobalSection
	GlobalSection(ProjectConfigurationPlatforms) = postSolution
		{3B0E0770-85EA-4D50-9422-850862E15A00}.Debug|Any CPU.ActiveCfg = Debug|Any CPU
		{3B0E0770-85EA-4D50-9422-850862E15A00}.Debug|Any CPU.Build.0 = Debug|Any CPU
		{3B0E0770-85EA-4D50-9422-850862E15A00}.Release|Any CPU.ActiveCfg = Release|Any CPU
		{3B0E0770-85EA-4D50-9422-850862E15A00}.Release|Any CPU.Build.0 = Release|Any CPU
	EndGlobalSection
	GlobalSection(SolutionProperties) = preSolution
		HideSolutionNode = FALSE
	EndGlobalSection
	GlobalSection(ExtensibilityGlobals) = postSolution
		SolutionGuid = {EC151AA0-E033-443A-9506-EA44CC69B343}
	EndGlobalSection
EndGlobal
