
Microsoft Visual Studio Solution File, Format Version 12.00
# Visual Studio Version 17
VisualStudioVersion = 17.5.33516.290
MinimumVisualStudioVersion = 10.0.40219.1
Project("{9A19103F-16F7-4668-BE54-9A1E7A4F7556}") = "TestLienBasedeDonnées", "Test Lien Base de Données\TestLienBasedeDonnées.csproj", "{CB3020D9-836A-4097-9A86-6B607CBCE9BE}"
EndProject
Project("{9A19103F-16F7-4668-BE54-9A1E7A4F7556}") = "ClassCity", "ClassCity\ClassCity.csproj", "{642DA2BA-97E7-40D4-BFE0-5EE72F67144A}"
EndProject
Project("{9A19103F-16F7-4668-BE54-9A1E7A4F7556}") = "ClassLibraryCountries", "ClassLibraryCountries\ClassLibraryCountries.csproj", "{A9D25CC0-2FE4-4037-8F23-A91713770890}"
EndProject
Project("{FAE04EC0-301F-11D3-BF4B-00C04F79EFBC}") = "ClassControl", "ClassControl\ClassControl.csproj", "{6D9977E2-3437-4EAF-9A1E-14EC6BEB220C}"
EndProject
Global
	GlobalSection(SolutionConfigurationPlatforms) = preSolution
		Debug|Any CPU = Debug|Any CPU
		Release|Any CPU = Release|Any CPU
	EndGlobalSection
	GlobalSection(ProjectConfigurationPlatforms) = postSolution
		{CB3020D9-836A-4097-9A86-6B607CBCE9BE}.Debug|Any CPU.ActiveCfg = Debug|Any CPU
		{CB3020D9-836A-4097-9A86-6B607CBCE9BE}.Debug|Any CPU.Build.0 = Debug|Any CPU
		{CB3020D9-836A-4097-9A86-6B607CBCE9BE}.Release|Any CPU.ActiveCfg = Release|Any CPU
		{CB3020D9-836A-4097-9A86-6B607CBCE9BE}.Release|Any CPU.Build.0 = Release|Any CPU
		{642DA2BA-97E7-40D4-BFE0-5EE72F67144A}.Debug|Any CPU.ActiveCfg = Debug|Any CPU
		{642DA2BA-97E7-40D4-BFE0-5EE72F67144A}.Debug|Any CPU.Build.0 = Debug|Any CPU
		{642DA2BA-97E7-40D4-BFE0-5EE72F67144A}.Release|Any CPU.ActiveCfg = Release|Any CPU
		{642DA2BA-97E7-40D4-BFE0-5EE72F67144A}.Release|Any CPU.Build.0 = Release|Any CPU
		{A9D25CC0-2FE4-4037-8F23-A91713770890}.Debug|Any CPU.ActiveCfg = Debug|Any CPU
		{A9D25CC0-2FE4-4037-8F23-A91713770890}.Debug|Any CPU.Build.0 = Debug|Any CPU
		{A9D25CC0-2FE4-4037-8F23-A91713770890}.Release|Any CPU.ActiveCfg = Release|Any CPU
		{A9D25CC0-2FE4-4037-8F23-A91713770890}.Release|Any CPU.Build.0 = Release|Any CPU
		{6D9977E2-3437-4EAF-9A1E-14EC6BEB220C}.Debug|Any CPU.ActiveCfg = Debug|Any CPU
		{6D9977E2-3437-4EAF-9A1E-14EC6BEB220C}.Debug|Any CPU.Build.0 = Debug|Any CPU
		{6D9977E2-3437-4EAF-9A1E-14EC6BEB220C}.Release|Any CPU.ActiveCfg = Release|Any CPU
		{6D9977E2-3437-4EAF-9A1E-14EC6BEB220C}.Release|Any CPU.Build.0 = Release|Any CPU
	EndGlobalSection
	GlobalSection(SolutionProperties) = preSolution
		HideSolutionNode = FALSE
	EndGlobalSection
	GlobalSection(ExtensibilityGlobals) = postSolution
		SolutionGuid = {BC6CDBB6-32DC-4F5A-8627-B6A451AE8B1A}
	EndGlobalSection
EndGlobal
