
Microsoft Visual Studio Solution File, Format Version 12.00
# Visual Studio Version 17
VisualStudioVersion = 17.5.33516.290
MinimumVisualStudioVersion = 10.0.40219.1
Project("{9A19103F-16F7-4668-BE54-9A1E7A4F7556}") = "WinFormsMenusBarresDOutilsEDEtat", "WinFormsMenusBarresDOutilsEDEtat\WinFormsMenusBarresDOutilsEDEtat.csproj", "{202FFF99-D676-48C3-AAEE-F6E2786AFD28}"
EndProject
Project("{9A19103F-16F7-4668-BE54-9A1E7A4F7556}") = "ClassLibraryAddition", "1-Additionneur\ClassLibraryAddition\ClassLibraryAddition.csproj", "{91F70DC1-66AE-4D5A-8008-6A7B8F90451A}"
EndProject
Project("{9A19103F-16F7-4668-BE54-9A1E7A4F7556}") = "WinFormsAdditionneurMetier", "1-Additionneur\WinFormsAdditionneurMetier\WinFormsAdditionneurMetier.csproj", "{DEC947D0-3F40-4F82-B89E-A47F7B3D7A6A}"
EndProject
Project("{2150E333-8FDC-42A3-9474-1A3956D46DE8}") = "Additionneur", "Additionneur", "{8D4ED7A9-42B3-453C-99FC-A8F61077E150}"
EndProject
Project("{9A19103F-16F7-4668-BE54-9A1E7A4F7556}") = "LesControles2", "2-les controles\LesControles2\LesControles2.csproj", "{4EFB2223-CD6F-422E-AC66-68BD184D0D4E}"
EndProject
Project("{9A19103F-16F7-4668-BE54-9A1E7A4F7556}") = "BiblioVirement", "2-les controles\BibliOFormulaireBanque\BiblioVirement.csproj", "{7508F7A8-3E56-47CE-96E5-6C3C821A0DEE}"
EndProject
Project("{9A19103F-16F7-4668-BE54-9A1E7A4F7556}") = "BiblioControles", "2-les controles\BiblioControles\BiblioControles.csproj", "{9E67759B-603E-4D09-9069-4694CD96EC8D}"
EndProject
Project("{2150E333-8FDC-42A3-9474-1A3956D46DE8}") = "Les Controles", "Les Controles", "{0EA523EF-6F3A-413F-AC51-4CB458D7E78A}"
EndProject
Project("{2150E333-8FDC-42A3-9474-1A3956D46DE8}") = "Les Objets Graphiques", "Les Objets Graphiques", "{03BBF558-99F2-47DA-BD0B-B48C553D9F6E}"
EndProject
Project("{9A19103F-16F7-4668-BE54-9A1E7A4F7556}") = "WinFormsLesDifferentsObjetsGraphiques", "WinFormsLesDifferentsObjetsGraphiques\WinFormsLesDifferentsObjetsGraphiques.csproj", "{89F3F319-B6AC-4F78-BC17-4A477C6C80B9}"
EndProject
Project("{2150E333-8FDC-42A3-9474-1A3956D46DE8}") = "Les Listbox", "Les Listbox", "{07D1445A-BF27-44A3-8009-8287BA95F101}"
EndProject
Project("{9A19103F-16F7-4668-BE54-9A1E7A4F7556}") = "ClassLibraryControle", "3-2 base listbox\ClassLibraryControle\ClassLibraryControle.csproj", "{BA40382D-5995-447F-B383-0989E570F007}"
EndProject
Project("{9A19103F-16F7-4668-BE54-9A1E7A4F7556}") = "WinFormsOperationBaseListBox", "3-2 base listbox\WinFormsOperationBaseListBox\WinFormsOperationBaseListBox.csproj", "{76845001-9A59-449E-B770-5C640B5C2DDD}"
EndProject
Project("{2150E333-8FDC-42A3-9474-1A3956D46DE8}") = "ComboBox et ListBox", "ComboBox et ListBox", "{6183BC23-05CA-40AE-B0E8-059D06872A95}"
EndProject
Project("{2150E333-8FDC-42A3-9474-1A3956D46DE8}") = "Les Composants de defilement", "Les Composants de defilement", "{82FC256D-B48E-4C5D-9EB6-87558AD291B6}"
EndProject
Project("{9A19103F-16F7-4668-BE54-9A1E7A4F7556}") = "WinFormDefilementCondense", "WinFormDefilementCondense\WinFormDefilementCondense.csproj", "{9313FABE-EA14-4A39-B11E-2242158E62CD}"
EndProject
Project("{2150E333-8FDC-42A3-9474-1A3956D46DE8}") = "Synthese", "Synthese", "{7F8E2B50-794C-4572-BA66-8052BFE4B6C4}"
EndProject
Project("{9A19103F-16F7-4668-BE54-9A1E7A4F7556}") = "WinFormsSynthese", "Synthese Emprunt\WinFormsSynthese\WinFormsSynthese.csproj", "{BE22E1E3-7DEE-4740-AA88-1E80490AC14B}"
EndProject
Project("{9A19103F-16F7-4668-BE54-9A1E7A4F7556}") = "ClassLibrary_Controles", "Synthese Emprunt\ClassLibrary_ControlesEmprunt\ClassLibrary_Controles.csproj", "{FE466AA1-F592-43EF-9AC2-58CEB8189A8B}"
EndProject
Project("{9A19103F-16F7-4668-BE54-9A1E7A4F7556}") = "ClassEmprunt", "Synthese Emprunt\ClassEmprunt\ClassEmprunt.csproj", "{867B2BBA-06D6-4417-9379-87730CAE9AB5}"
EndProject
Project("{9A19103F-16F7-4668-BE54-9A1E7A4F7556}") = "ClassLibraryControles", "ListboxComboBox\ClassLibraryControles\ClassLibraryControles.csproj", "{2452C018-4F7E-4A1F-B60D-F77101A7D22B}"
EndProject
Project("{9A19103F-16F7-4668-BE54-9A1E7A4F7556}") = "WinFormsAppLesListesComboBox", "ListboxComboBox\WinFormsAppLesListesComboBox\WinFormsAppLesListesComboBox.csproj", "{922BA097-D723-487B-8650-8F1B8F33B6D5}"
EndProject
Global
	GlobalSection(SolutionConfigurationPlatforms) = preSolution
		Debug|Any CPU = Debug|Any CPU
		Release|Any CPU = Release|Any CPU
	EndGlobalSection
	GlobalSection(ProjectConfigurationPlatforms) = postSolution
		{202FFF99-D676-48C3-AAEE-F6E2786AFD28}.Debug|Any CPU.ActiveCfg = Debug|Any CPU
		{202FFF99-D676-48C3-AAEE-F6E2786AFD28}.Debug|Any CPU.Build.0 = Debug|Any CPU
		{202FFF99-D676-48C3-AAEE-F6E2786AFD28}.Release|Any CPU.ActiveCfg = Release|Any CPU
		{202FFF99-D676-48C3-AAEE-F6E2786AFD28}.Release|Any CPU.Build.0 = Release|Any CPU
		{91F70DC1-66AE-4D5A-8008-6A7B8F90451A}.Debug|Any CPU.ActiveCfg = Debug|Any CPU
		{91F70DC1-66AE-4D5A-8008-6A7B8F90451A}.Debug|Any CPU.Build.0 = Debug|Any CPU
		{91F70DC1-66AE-4D5A-8008-6A7B8F90451A}.Release|Any CPU.ActiveCfg = Release|Any CPU
		{91F70DC1-66AE-4D5A-8008-6A7B8F90451A}.Release|Any CPU.Build.0 = Release|Any CPU
		{DEC947D0-3F40-4F82-B89E-A47F7B3D7A6A}.Debug|Any CPU.ActiveCfg = Debug|Any CPU
		{DEC947D0-3F40-4F82-B89E-A47F7B3D7A6A}.Debug|Any CPU.Build.0 = Debug|Any CPU
		{DEC947D0-3F40-4F82-B89E-A47F7B3D7A6A}.Release|Any CPU.ActiveCfg = Release|Any CPU
		{DEC947D0-3F40-4F82-B89E-A47F7B3D7A6A}.Release|Any CPU.Build.0 = Release|Any CPU
		{4EFB2223-CD6F-422E-AC66-68BD184D0D4E}.Debug|Any CPU.ActiveCfg = Debug|Any CPU
		{4EFB2223-CD6F-422E-AC66-68BD184D0D4E}.Debug|Any CPU.Build.0 = Debug|Any CPU
		{4EFB2223-CD6F-422E-AC66-68BD184D0D4E}.Release|Any CPU.ActiveCfg = Release|Any CPU
		{4EFB2223-CD6F-422E-AC66-68BD184D0D4E}.Release|Any CPU.Build.0 = Release|Any CPU
		{7508F7A8-3E56-47CE-96E5-6C3C821A0DEE}.Debug|Any CPU.ActiveCfg = Debug|Any CPU
		{7508F7A8-3E56-47CE-96E5-6C3C821A0DEE}.Debug|Any CPU.Build.0 = Debug|Any CPU
		{7508F7A8-3E56-47CE-96E5-6C3C821A0DEE}.Release|Any CPU.ActiveCfg = Release|Any CPU
		{7508F7A8-3E56-47CE-96E5-6C3C821A0DEE}.Release|Any CPU.Build.0 = Release|Any CPU
		{9E67759B-603E-4D09-9069-4694CD96EC8D}.Debug|Any CPU.ActiveCfg = Debug|Any CPU
		{9E67759B-603E-4D09-9069-4694CD96EC8D}.Debug|Any CPU.Build.0 = Debug|Any CPU
		{9E67759B-603E-4D09-9069-4694CD96EC8D}.Release|Any CPU.ActiveCfg = Release|Any CPU
		{9E67759B-603E-4D09-9069-4694CD96EC8D}.Release|Any CPU.Build.0 = Release|Any CPU
		{89F3F319-B6AC-4F78-BC17-4A477C6C80B9}.Debug|Any CPU.ActiveCfg = Debug|Any CPU
		{89F3F319-B6AC-4F78-BC17-4A477C6C80B9}.Debug|Any CPU.Build.0 = Debug|Any CPU
		{89F3F319-B6AC-4F78-BC17-4A477C6C80B9}.Release|Any CPU.ActiveCfg = Release|Any CPU
		{89F3F319-B6AC-4F78-BC17-4A477C6C80B9}.Release|Any CPU.Build.0 = Release|Any CPU
		{BA40382D-5995-447F-B383-0989E570F007}.Debug|Any CPU.ActiveCfg = Debug|Any CPU
		{BA40382D-5995-447F-B383-0989E570F007}.Debug|Any CPU.Build.0 = Debug|Any CPU
		{BA40382D-5995-447F-B383-0989E570F007}.Release|Any CPU.ActiveCfg = Release|Any CPU
		{BA40382D-5995-447F-B383-0989E570F007}.Release|Any CPU.Build.0 = Release|Any CPU
		{76845001-9A59-449E-B770-5C640B5C2DDD}.Debug|Any CPU.ActiveCfg = Debug|Any CPU
		{76845001-9A59-449E-B770-5C640B5C2DDD}.Debug|Any CPU.Build.0 = Debug|Any CPU
		{76845001-9A59-449E-B770-5C640B5C2DDD}.Release|Any CPU.ActiveCfg = Release|Any CPU
		{76845001-9A59-449E-B770-5C640B5C2DDD}.Release|Any CPU.Build.0 = Release|Any CPU
		{9313FABE-EA14-4A39-B11E-2242158E62CD}.Debug|Any CPU.ActiveCfg = Debug|Any CPU
		{9313FABE-EA14-4A39-B11E-2242158E62CD}.Debug|Any CPU.Build.0 = Debug|Any CPU
		{9313FABE-EA14-4A39-B11E-2242158E62CD}.Release|Any CPU.ActiveCfg = Release|Any CPU
		{9313FABE-EA14-4A39-B11E-2242158E62CD}.Release|Any CPU.Build.0 = Release|Any CPU
		{BE22E1E3-7DEE-4740-AA88-1E80490AC14B}.Debug|Any CPU.ActiveCfg = Debug|Any CPU
		{BE22E1E3-7DEE-4740-AA88-1E80490AC14B}.Debug|Any CPU.Build.0 = Debug|Any CPU
		{BE22E1E3-7DEE-4740-AA88-1E80490AC14B}.Release|Any CPU.ActiveCfg = Release|Any CPU
		{BE22E1E3-7DEE-4740-AA88-1E80490AC14B}.Release|Any CPU.Build.0 = Release|Any CPU
		{FE466AA1-F592-43EF-9AC2-58CEB8189A8B}.Debug|Any CPU.ActiveCfg = Debug|Any CPU
		{FE466AA1-F592-43EF-9AC2-58CEB8189A8B}.Debug|Any CPU.Build.0 = Debug|Any CPU
		{FE466AA1-F592-43EF-9AC2-58CEB8189A8B}.Release|Any CPU.ActiveCfg = Release|Any CPU
		{FE466AA1-F592-43EF-9AC2-58CEB8189A8B}.Release|Any CPU.Build.0 = Release|Any CPU
		{867B2BBA-06D6-4417-9379-87730CAE9AB5}.Debug|Any CPU.ActiveCfg = Debug|Any CPU
		{867B2BBA-06D6-4417-9379-87730CAE9AB5}.Debug|Any CPU.Build.0 = Debug|Any CPU
		{867B2BBA-06D6-4417-9379-87730CAE9AB5}.Release|Any CPU.ActiveCfg = Release|Any CPU
		{867B2BBA-06D6-4417-9379-87730CAE9AB5}.Release|Any CPU.Build.0 = Release|Any CPU
		{2452C018-4F7E-4A1F-B60D-F77101A7D22B}.Debug|Any CPU.ActiveCfg = Debug|Any CPU
		{2452C018-4F7E-4A1F-B60D-F77101A7D22B}.Debug|Any CPU.Build.0 = Debug|Any CPU
		{2452C018-4F7E-4A1F-B60D-F77101A7D22B}.Release|Any CPU.ActiveCfg = Release|Any CPU
		{2452C018-4F7E-4A1F-B60D-F77101A7D22B}.Release|Any CPU.Build.0 = Release|Any CPU
		{922BA097-D723-487B-8650-8F1B8F33B6D5}.Debug|Any CPU.ActiveCfg = Debug|Any CPU
		{922BA097-D723-487B-8650-8F1B8F33B6D5}.Debug|Any CPU.Build.0 = Debug|Any CPU
		{922BA097-D723-487B-8650-8F1B8F33B6D5}.Release|Any CPU.ActiveCfg = Release|Any CPU
		{922BA097-D723-487B-8650-8F1B8F33B6D5}.Release|Any CPU.Build.0 = Release|Any CPU
	EndGlobalSection
	GlobalSection(SolutionProperties) = preSolution
		HideSolutionNode = FALSE
	EndGlobalSection
	GlobalSection(NestedProjects) = preSolution
		{91F70DC1-66AE-4D5A-8008-6A7B8F90451A} = {8D4ED7A9-42B3-453C-99FC-A8F61077E150}
		{DEC947D0-3F40-4F82-B89E-A47F7B3D7A6A} = {8D4ED7A9-42B3-453C-99FC-A8F61077E150}
		{4EFB2223-CD6F-422E-AC66-68BD184D0D4E} = {0EA523EF-6F3A-413F-AC51-4CB458D7E78A}
		{7508F7A8-3E56-47CE-96E5-6C3C821A0DEE} = {0EA523EF-6F3A-413F-AC51-4CB458D7E78A}
		{9E67759B-603E-4D09-9069-4694CD96EC8D} = {0EA523EF-6F3A-413F-AC51-4CB458D7E78A}
		{89F3F319-B6AC-4F78-BC17-4A477C6C80B9} = {03BBF558-99F2-47DA-BD0B-B48C553D9F6E}
		{BA40382D-5995-447F-B383-0989E570F007} = {07D1445A-BF27-44A3-8009-8287BA95F101}
		{76845001-9A59-449E-B770-5C640B5C2DDD} = {07D1445A-BF27-44A3-8009-8287BA95F101}
		{9313FABE-EA14-4A39-B11E-2242158E62CD} = {82FC256D-B48E-4C5D-9EB6-87558AD291B6}
		{BE22E1E3-7DEE-4740-AA88-1E80490AC14B} = {7F8E2B50-794C-4572-BA66-8052BFE4B6C4}
		{FE466AA1-F592-43EF-9AC2-58CEB8189A8B} = {7F8E2B50-794C-4572-BA66-8052BFE4B6C4}
		{867B2BBA-06D6-4417-9379-87730CAE9AB5} = {7F8E2B50-794C-4572-BA66-8052BFE4B6C4}
		{2452C018-4F7E-4A1F-B60D-F77101A7D22B} = {6183BC23-05CA-40AE-B0E8-059D06872A95}
		{922BA097-D723-487B-8650-8F1B8F33B6D5} = {6183BC23-05CA-40AE-B0E8-059D06872A95}
	EndGlobalSection
	GlobalSection(ExtensibilityGlobals) = postSolution
		SolutionGuid = {001FB369-A865-447C-92EE-7FA8152CCC30}
	EndGlobalSection
EndGlobal
