
Microsoft Visual Studio Solution File, Format Version 12.00
# Visual Studio Version 17
VisualStudioVersion = 17.3.32929.385
MinimumVisualStudioVersion = 10.0.40219.1
Project("{FAE04EC0-301F-11D3-BF4B-00C04F79EFBC}") = "BiblioWinFormsAppAddition", "..\BiblioWinFormsAppAddition\BiblioWinFormsAppAddition.csproj", "{D57CC487-8531-44E4-976D-C98F6AD6ABA6}"
EndProject
Project("{FAE04EC0-301F-11D3-BF4B-00C04F79EFBC}") = "WinFormsAddition", "..\WinFormsAddition\WinFormsAddition.csproj", "{C93AB41F-820D-4DB0-9066-4D9E12161A22}"
EndProject
Global
	GlobalSection(SolutionConfigurationPlatforms) = preSolution
		Debug|Any CPU = Debug|Any CPU
		Release|Any CPU = Release|Any CPU
	EndGlobalSection
	GlobalSection(ProjectConfigurationPlatforms) = postSolution
		{D57CC487-8531-44E4-976D-C98F6AD6ABA6}.Debug|Any CPU.ActiveCfg = Debug|Any CPU
		{D57CC487-8531-44E4-976D-C98F6AD6ABA6}.Debug|Any CPU.Build.0 = Debug|Any CPU
		{D57CC487-8531-44E4-976D-C98F6AD6ABA6}.Release|Any CPU.ActiveCfg = Release|Any CPU
		{D57CC487-8531-44E4-976D-C98F6AD6ABA6}.Release|Any CPU.Build.0 = Release|Any CPU
		{C93AB41F-820D-4DB0-9066-4D9E12161A22}.Debug|Any CPU.ActiveCfg = Debug|Any CPU
		{C93AB41F-820D-4DB0-9066-4D9E12161A22}.Debug|Any CPU.Build.0 = Debug|Any CPU
		{C93AB41F-820D-4DB0-9066-4D9E12161A22}.Release|Any CPU.ActiveCfg = Release|Any CPU
		{C93AB41F-820D-4DB0-9066-4D9E12161A22}.Release|Any CPU.Build.0 = Release|Any CPU
	EndGlobalSection
	GlobalSection(SolutionProperties) = preSolution
		HideSolutionNode = FALSE
	EndGlobalSection
	GlobalSection(ExtensibilityGlobals) = postSolution
		SolutionGuid = {AC980E94-AF09-4EBD-AFDC-01106A103216}
	EndGlobalSection
EndGlobal
