
Microsoft Visual Studio Solution File, Format Version 12.00
# Visual Studio Version 17
VisualStudioVersion = 17.5.33424.131
MinimumVisualStudioVersion = 10.0.40219.1
Project("{FAE04EC0-301F-11D3-BF4B-00C04F79EFBC}") = "TestClasse", "TestClasse\TestClasse.csproj", "{CAA6B337-03FE-4112-88F2-B091407A2150}"
EndProject
Global
	GlobalSection(SolutionConfigurationPlatforms) = preSolution
		Debug|Any CPU = Debug|Any CPU
		Release|Any CPU = Release|Any CPU
	EndGlobalSection
	GlobalSection(ProjectConfigurationPlatforms) = postSolution
		{CAA6B337-03FE-4112-88F2-B091407A2150}.Debug|Any CPU.ActiveCfg = Debug|Any CPU
		{CAA6B337-03FE-4112-88F2-B091407A2150}.Debug|Any CPU.Build.0 = Debug|Any CPU
		{CAA6B337-03FE-4112-88F2-B091407A2150}.Release|Any CPU.ActiveCfg = Release|Any CPU
		{CAA6B337-03FE-4112-88F2-B091407A2150}.Release|Any CPU.Build.0 = Release|Any CPU
	EndGlobalSection
	GlobalSection(SolutionProperties) = preSolution
		HideSolutionNode = FALSE
	EndGlobalSection
	GlobalSection(ExtensibilityGlobals) = postSolution
		SolutionGuid = {A73D7C53-3ECA-487F-91F3-70DBD6E19730}
	EndGlobalSection
EndGlobal
