
Microsoft Visual Studio Solution File, Format Version 12.00
# Visual Studio Version 17
VisualStudioVersion = 17.3.32901.215
MinimumVisualStudioVersion = 10.0.40219.1
Project("{FAE04EC0-301F-11D3-BF4B-00C04F79EFBC}") = "InversionDeChiffres", "InversionDeChiffres.csproj", "{A95CAFB1-8CD7-442C-9A68-742B55CB041A}"
EndProject
Global
	GlobalSection(SolutionConfigurationPlatforms) = preSolution
		Debug|Any CPU = Debug|Any CPU
		Release|Any CPU = Release|Any CPU
	EndGlobalSection
	GlobalSection(ProjectConfigurationPlatforms) = postSolution
		{A95CAFB1-8CD7-442C-9A68-742B55CB041A}.Debug|Any CPU.ActiveCfg = Debug|Any CPU
		{A95CAFB1-8CD7-442C-9A68-742B55CB041A}.Debug|Any CPU.Build.0 = Debug|Any CPU
		{A95CAFB1-8CD7-442C-9A68-742B55CB041A}.Release|Any CPU.ActiveCfg = Release|Any CPU
		{A95CAFB1-8CD7-442C-9A68-742B55CB041A}.Release|Any CPU.Build.0 = Release|Any CPU
	EndGlobalSection
	GlobalSection(SolutionProperties) = preSolution
		HideSolutionNode = FALSE
	EndGlobalSection
	GlobalSection(ExtensibilityGlobals) = postSolution
		SolutionGuid = {6E7C82A0-5115-4F91-8F9E-754BDFF7B141}
	EndGlobalSection
EndGlobal
