
Microsoft Visual Studio Solution File, Format Version 12.00
# Visual Studio Version 17
VisualStudioVersion = 17.3.32929.385
MinimumVisualStudioVersion = 10.0.40219.1
Project("{9A19103F-16F7-4668-BE54-9A1E7A4F7556}") = "WinFormAddition_3", "WinFormAddition_3\WinFormAddition_3.csproj", "{2DA4F335-38E3-4B80-8036-AE99E0288828}"
EndProject
Project("{FAE04EC0-301F-11D3-BF4B-00C04F79EFBC}") = "ClassLibraryAdditionneur", "ClassLibraryAdditionneur\ClassLibraryAdditionneur.csproj", "{0842D960-67DB-44C9-9794-A6F5633FBF6B}"
EndProject
Global
	GlobalSection(SolutionConfigurationPlatforms) = preSolution
		Debug|Any CPU = Debug|Any CPU
		Release|Any CPU = Release|Any CPU
	EndGlobalSection
	GlobalSection(ProjectConfigurationPlatforms) = postSolution
		{2DA4F335-38E3-4B80-8036-AE99E0288828}.Debug|Any CPU.ActiveCfg = Debug|Any CPU
		{2DA4F335-38E3-4B80-8036-AE99E0288828}.Debug|Any CPU.Build.0 = Debug|Any CPU
		{2DA4F335-38E3-4B80-8036-AE99E0288828}.Release|Any CPU.ActiveCfg = Release|Any CPU
		{2DA4F335-38E3-4B80-8036-AE99E0288828}.Release|Any CPU.Build.0 = Release|Any CPU
		{0842D960-67DB-44C9-9794-A6F5633FBF6B}.Debug|Any CPU.ActiveCfg = Debug|Any CPU
		{0842D960-67DB-44C9-9794-A6F5633FBF6B}.Debug|Any CPU.Build.0 = Debug|Any CPU
		{0842D960-67DB-44C9-9794-A6F5633FBF6B}.Release|Any CPU.ActiveCfg = Release|Any CPU
		{0842D960-67DB-44C9-9794-A6F5633FBF6B}.Release|Any CPU.Build.0 = Release|Any CPU
	EndGlobalSection
	GlobalSection(SolutionProperties) = preSolution
		HideSolutionNode = FALSE
	EndGlobalSection
	GlobalSection(ExtensibilityGlobals) = postSolution
		SolutionGuid = {AA7F3C26-2F19-47AE-8704-1454644A8E6A}
	EndGlobalSection
EndGlobal
